
Microsoft Visual Studio Solution File, Format Version 12.00
# Visual Studio Version 16
VisualStudioVersion = 16.0.29509.3
MinimumVisualStudioVersion = 10.0.40219.1
Project("{FAE04EC0-301F-11D3-BF4B-00C04F79EFBC}") = "SOA", "SOA\SOA.csproj", "{F9DBEAE7-B049-44BE-B8DA-6C1F1BBC6209}"
	ProjectSection(ProjectDependencies) = postProject
		{30842394-E0D8-4AA8-9106-4D868EE4C06D} = {30842394-E0D8-4AA8-9106-4D868EE4C06D}
	EndProjectSection
EndProject
Project("{E24C65DC-7377-472B-9ABA-BC803B73C61A}") = "WCFService1", "WCFService1\", "{30842394-E0D8-4AA8-9106-4D868EE4C06D}"
	ProjectSection(WebsiteProperties) = preProject
		TargetFrameworkMoniker = ".NETFramework,Version%3Dv4.7.2"
		Debug.AspNetCompiler.VirtualPath = "/localhost_51080"
		Debug.AspNetCompiler.PhysicalPath = "WCFService1\"
		Debug.AspNetCompiler.TargetPath = "PrecompiledWeb\localhost_51080\"
		Debug.AspNetCompiler.Updateable = "true"
		Debug.AspNetCompiler.ForceOverwrite = "true"
		Debug.AspNetCompiler.FixedNames = "false"
		Debug.AspNetCompiler.Debug = "True"
		Release.AspNetCompiler.VirtualPath = "/localhost_51080"
		Release.AspNetCompiler.PhysicalPath = "WCFService1\"
		Release.AspNetCompiler.TargetPath = "PrecompiledWeb\localhost_51080\"
		Release.AspNetCompiler.Updateable = "true"
		Release.AspNetCompiler.ForceOverwrite = "true"
		Release.AspNetCompiler.FixedNames = "false"
		Release.AspNetCompiler.Debug = "False"
		VWDPort = "51080"
		SlnRelativePath = "WCFService1\"
		DefaultWebSiteLanguage = "Visual C#"
		StartServerOnDebug = "false"
	EndProjectSection
EndProject
Global
	GlobalSection(SolutionConfigurationPlatforms) = preSolution
		Debug|Any CPU = Debug|Any CPU
		Release|Any CPU = Release|Any CPU
	EndGlobalSection
	GlobalSection(ProjectConfigurationPlatforms) = postSolution
		{F9DBEAE7-B049-44BE-B8DA-6C1F1BBC6209}.Debug|Any CPU.ActiveCfg = Debug|Any CPU
		{F9DBEAE7-B049-44BE-B8DA-6C1F1BBC6209}.Debug|Any CPU.Build.0 = Debug|Any CPU
		{F9DBEAE7-B049-44BE-B8DA-6C1F1BBC6209}.Release|Any CPU.ActiveCfg = Release|Any CPU
		{F9DBEAE7-B049-44BE-B8DA-6C1F1BBC6209}.Release|Any CPU.Build.0 = Release|Any CPU
		{30842394-E0D8-4AA8-9106-4D868EE4C06D}.Debug|Any CPU.ActiveCfg = Debug|Any CPU
		{30842394-E0D8-4AA8-9106-4D868EE4C06D}.Debug|Any CPU.Build.0 = Debug|Any CPU
		{30842394-E0D8-4AA8-9106-4D868EE4C06D}.Release|Any CPU.ActiveCfg = Debug|Any CPU
		{30842394-E0D8-4AA8-9106-4D868EE4C06D}.Release|Any CPU.Build.0 = Debug|Any CPU
	EndGlobalSection
	GlobalSection(SolutionProperties) = preSolution
		HideSolutionNode = FALSE
	EndGlobalSection
	GlobalSection(ExtensibilityGlobals) = postSolution
		SolutionGuid = {F268A3BF-E698-4702-BC23-3D91BCD587F2}
	EndGlobalSection
EndGlobal
